// !$*UTF8*$!
{
	archiveVersion = 1;
	classes = {
	};
	objectVersion = 50;
	objects = {

/* Begin PBXBuildFile section */
		0971B883250B27B9004FC3A0 /* DWBadgeView.m in Sources */ = {isa = PBXBuildFile; fileRef = 0971B882250B27B9004FC3A0 /* DWBadgeView.m */; };
		09D81FDC2500C61C004478EA /* AppDelegate.m in Sources */ = {isa = PBXBuildFile; fileRef = 09D81FDB2500C61C004478EA /* AppDelegate.m */; };
		09D81FE22500C61C004478EA /* ViewController.m in Sources */ = {isa = PBXBuildFile; fileRef = 09D81FE12500C61C004478EA /* ViewController.m */; };
		09D81FED2500C61E004478EA /* main.m in Sources */ = {isa = PBXBuildFile; fileRef = 09D81FEC2500C61E004478EA /* main.m */; };
		09D81FF72500C61E004478EA /* wechatTests.m in Sources */ = {isa = PBXBuildFile; fileRef = 09D81FF62500C61E004478EA /* wechatTests.m */; };
		09D820022500C61E004478EA /* wechatUITests.m in Sources */ = {isa = PBXBuildFile; fileRef = 09D820012500C61E004478EA /* wechatUITests.m */; };
		09D8201C2500DBDE004478EA /* DWTabBarController.m in Sources */ = {isa = PBXBuildFile; fileRef = 09D8201B2500DBDE004478EA /* DWTabBarController.m */; };
		09D8201F2500DC25004478EA /* DWNavigationController.m in Sources */ = {isa = PBXBuildFile; fileRef = 09D8201E2500DC25004478EA /* DWNavigationController.m */; };
		09D820222500EF45004478EA /* DWTabBar.m in Sources */ = {isa = PBXBuildFile; fileRef = 09D820212500EF45004478EA /* DWTabBar.m */; };
		09D820252501091D004478EA /* DWTabBarButton.m in Sources */ = {isa = PBXBuildFile; fileRef = 09D820242501091D004478EA /* DWTabBarButton.m */; };
		09D820272502170C004478EA /* Images.xcassets in Resources */ = {isa = PBXBuildFile; fileRef = 09D820262502170B004478EA /* Images.xcassets */; };
/* End PBXBuildFile section */

/* Begin PBXContainerItemProxy section */
		09D81FF32500C61E004478EA /* PBXContainerItemProxy */ = {
			isa = PBXContainerItemProxy;
			containerPortal = 09D81FCF2500C61C004478EA /* Project object */;
			proxyType = 1;
			remoteGlobalIDString = 09D81FD62500C61C004478EA;
			remoteInfo = wechat;
		};
		09D81FFE2500C61E004478EA /* PBXContainerItemProxy */ = {
			isa = PBXContainerItemProxy;
			containerPortal = 09D81FCF2500C61C004478EA /* Project object */;
			proxyType = 1;
			remoteGlobalIDString = 09D81FD62500C61C004478EA;
			remoteInfo = wechat;
		};
/* End PBXContainerItemProxy section */

/* Begin PBXFileReference section */
		0971B881250B27B9004FC3A0 /* DWBadgeView.h */ = {isa = PBXFileReference; lastKnownFileType = sourcecode.c.h; path = DWBadgeView.h; sourceTree = "<group>"; };
		0971B882250B27B9004FC3A0 /* DWBadgeView.m */ = {isa = PBXFileReference; lastKnownFileType = sourcecode.c.objc; path = DWBadgeView.m; sourceTree = "<group>"; };
		09D81FD72500C61C004478EA /* wechat.app */ = {isa = PBXFileReference; explicitFileType = wrapper.application; includeInIndex = 0; path = wechat.app; sourceTree = BUILT_PRODUCTS_DIR; };
		09D81FDA2500C61C004478EA /* AppDelegate.h */ = {isa = PBXFileReference; lastKnownFileType = sourcecode.c.h; path = AppDelegate.h; sourceTree = "<group>"; };
		09D81FDB2500C61C004478EA /* AppDelegate.m */ = {isa = PBXFileReference; lastKnownFileType = sourcecode.c.objc; path = AppDelegate.m; sourceTree = "<group>"; };
		09D81FE02500C61C004478EA /* ViewController.h */ = {isa = PBXFileReference; lastKnownFileType = sourcecode.c.h; path = ViewController.h; sourceTree = "<group>"; };
		09D81FE12500C61C004478EA /* ViewController.m */ = {isa = PBXFileReference; lastKnownFileType = sourcecode.c.objc; path = ViewController.m; sourceTree = "<group>"; };
		09D81FEB2500C61E004478EA /* Info.plist */ = {isa = PBXFileReference; lastKnownFileType = text.plist.xml; path = Info.plist; sourceTree = "<group>"; };
		09D81FEC2500C61E004478EA /* main.m */ = {isa = PBXFileReference; lastKnownFileType = sourcecode.c.objc; path = main.m; sourceTree = "<group>"; };
		09D81FF22500C61E004478EA /* wechatTests.xctest */ = {isa = PBXFileReference; explicitFileType = wrapper.cfbundle; includeInIndex = 0; path = wechatTests.xctest; sourceTree = BUILT_PRODUCTS_DIR; };
		09D81FF62500C61E004478EA /* wechatTests.m */ = {isa = PBXFileReference; lastKnownFileType = sourcecode.c.objc; path = wechatTests.m; sourceTree = "<group>"; };
		09D81FF82500C61E004478EA /* Info.plist */ = {isa = PBXFileReference; lastKnownFileType = text.plist.xml; path = Info.plist; sourceTree = "<group>"; };
		09D81FFD2500C61E004478EA /* wechatUITests.xctest */ = {isa = PBXFileReference; explicitFileType = wrapper.cfbundle; includeInIndex = 0; path = wechatUITests.xctest; sourceTree = BUILT_PRODUCTS_DIR; };
		09D820012500C61E004478EA /* wechatUITests.m */ = {isa = PBXFileReference; lastKnownFileType = sourcecode.c.objc; path = wechatUITests.m; sourceTree = "<group>"; };
		09D820032500C61E004478EA /* Info.plist */ = {isa = PBXFileReference; lastKnownFileType = text.plist.xml; path = Info.plist; sourceTree = "<group>"; };
		09D8201A2500DBDE004478EA /* DWTabBarController.h */ = {isa = PBXFileReference; lastKnownFileType = sourcecode.c.h; path = DWTabBarController.h; sourceTree = "<group>"; };
		09D8201B2500DBDE004478EA /* DWTabBarController.m */ = {isa = PBXFileReference; lastKnownFileType = sourcecode.c.objc; path = DWTabBarController.m; sourceTree = "<group>"; };
		09D8201D2500DC25004478EA /* DWNavigationController.h */ = {isa = PBXFileReference; lastKnownFileType = sourcecode.c.h; path = DWNavigationController.h; sourceTree = "<group>"; };
		09D8201E2500DC25004478EA /* DWNavigationController.m */ = {isa = PBXFileReference; lastKnownFileType = sourcecode.c.objc; path = DWNavigationController.m; sourceTree = "<group>"; };
		09D820202500EF45004478EA /* DWTabBar.h */ = {isa = PBXFileReference; lastKnownFileType = sourcecode.c.h; path = DWTabBar.h; sourceTree = "<group>"; };
		09D820212500EF45004478EA /* DWTabBar.m */ = {isa = PBXFileReference; lastKnownFileType = sourcecode.c.objc; path = DWTabBar.m; sourceTree = "<group>"; };
		09D820232501091D004478EA /* DWTabBarButton.h */ = {isa = PBXFileReference; lastKnownFileType = sourcecode.c.h; path = DWTabBarButton.h; sourceTree = "<group>"; };
		09D820242501091D004478EA /* DWTabBarButton.m */ = {isa = PBXFileReference; lastKnownFileType = sourcecode.c.objc; path = DWTabBarButton.m; sourceTree = "<group>"; };
		09D820262502170B004478EA /* Images.xcassets */ = {isa = PBXFileReference; lastKnownFileType = folder.assetcatalog; path = Images.xcassets; sourceTree = "<group>"; };
/* End PBXFileReference section */

/* Begin PBXFrameworksBuildPhase section */
		09D81FD42500C61C004478EA /* Frameworks */ = {
			isa = PBXFrameworksBuildPhase;
			buildActionMask = 2147483647;
			files = (
			);
			runOnlyForDeploymentPostprocessing = 0;
		};
		09D81FEF2500C61E004478EA /* Frameworks */ = {
			isa = PBXFrameworksBuildPhase;
			buildActionMask = 2147483647;
			files = (
			);
			runOnlyForDeploymentPostprocessing = 0;
		};
		09D81FFA2500C61E004478EA /* Frameworks */ = {
			isa = PBXFrameworksBuildPhase;
			buildActionMask = 2147483647;
			files = (
			);
			runOnlyForDeploymentPostprocessing = 0;
		};
/* End PBXFrameworksBuildPhase section */

/* Begin PBXGroup section */
		09D81FCE2500C61C004478EA = {
			isa = PBXGroup;
			children = (
				09D81FD92500C61C004478EA /* wechat */,
				09D81FF52500C61E004478EA /* wechatTests */,
				09D820002500C61E004478EA /* wechatUITests */,
				09D81FD82500C61C004478EA /* Products */,
			);
			sourceTree = "<group>";
		};
		09D81FD82500C61C004478EA /* Products */ = {
			isa = PBXGroup;
			children = (
				09D81FD72500C61C004478EA /* wechat.app */,
				09D81FF22500C61E004478EA /* wechatTests.xctest */,
				09D81FFD2500C61E004478EA /* wechatUITests.xctest */,
			);
			name = Products;
			sourceTree = "<group>";
		};
		09D81FD92500C61C004478EA /* wechat */ = {
			isa = PBXGroup;
			children = (
				09D820102500C642004478EA /* Supporting Files */,
				09D8200F2500C63A004478EA /* Classes */,
				09D81FE02500C61C004478EA /* ViewController.h */,
				09D81FE12500C61C004478EA /* ViewController.m */,
			);
			path = wechat;
			sourceTree = "<group>";
		};
		09D81FF52500C61E004478EA /* wechatTests */ = {
			isa = PBXGroup;
			children = (
				09D81FF62500C61E004478EA /* wechatTests.m */,
				09D81FF82500C61E004478EA /* Info.plist */,
			);
			path = wechatTests;
			sourceTree = "<group>";
		};
		09D820002500C61E004478EA /* wechatUITests */ = {
			isa = PBXGroup;
			children = (
				09D820012500C61E004478EA /* wechatUITests.m */,
				09D820032500C61E004478EA /* Info.plist */,
			);
			path = wechatUITests;
			sourceTree = "<group>";
		};
		09D8200F2500C63A004478EA /* Classes */ = {
			isa = PBXGroup;
			children = (
				09D820162500C7AA004478EA /* Me(我) */,
				09D820152500C79E004478EA /* Contacts(联系人) */,
				09D820142500C78E004478EA /* Discover(发现) */,
				09D820132500C772004478EA /* Home(首页) */,
				09D820122500C762004478EA /* Main */,
				09D820112500C6E9004478EA /* Other */,
			);
			path = Classes;
			sourceTree = "<group>";
		};
		09D820102500C642004478EA /* Supporting Files */ = {
			isa = PBXGroup;
			children = (
				09D820262502170B004478EA /* Images.xcassets */,
				09D81FEB2500C61E004478EA /* Info.plist */,
			);
			path = "Supporting Files";
			sourceTree = "<group>";
		};
		09D820112500C6E9004478EA /* Other */ = {
			isa = PBXGroup;
			children = (
				09D81FDA2500C61C004478EA /* AppDelegate.h */,
				09D81FDB2500C61C004478EA /* AppDelegate.m */,
				09D81FEC2500C61E004478EA /* main.m */,
			);
			path = Other;
			sourceTree = "<group>";
		};
		09D820122500C762004478EA /* Main */ = {
			isa = PBXGroup;
			children = (
				09D820192500DBB5004478EA /* View */,
				09D820182500DBB1004478EA /* Model */,
				09D820172500DB98004478EA /* Controller */,
			);
			path = Main;
			sourceTree = "<group>";
		};
		09D820132500C772004478EA /* Home(首页) */ = {
			isa = PBXGroup;
			children = (
			);
			path = "Home(首页)";
			sourceTree = "<group>";
		};
		09D820142500C78E004478EA /* Discover(发现) */ = {
			isa = PBXGroup;
			children = (
			);
			path = "Discover(发现)";
			sourceTree = "<group>";
		};
		09D820152500C79E004478EA /* Contacts(联系人) */ = {
			isa = PBXGroup;
			children = (
			);
			path = "Contacts(联系人)";
			sourceTree = "<group>";
		};
		09D820162500C7AA004478EA /* Me(我) */ = {
			isa = PBXGroup;
			children = (
			);
			path = "Me(我)";
			sourceTree = "<group>";
		};
		09D820172500DB98004478EA /* Controller */ = {
			isa = PBXGroup;
			children = (
				09D8201D2500DC25004478EA /* DWNavigationController.h */,
				09D8201E2500DC25004478EA /* DWNavigationController.m */,
				09D8201A2500DBDE004478EA /* DWTabBarController.h */,
				09D8201B2500DBDE004478EA /* DWTabBarController.m */,
			);
			path = Controller;
			sourceTree = "<group>";
		};
		09D820182500DBB1004478EA /* Model */ = {
			isa = PBXGroup;
			children = (
			);
			path = Model;
			sourceTree = "<group>";
		};
		09D820192500DBB5004478EA /* View */ = {
			isa = PBXGroup;
			children = (
				09D820202500EF45004478EA /* DWTabBar.h */,
				09D820212500EF45004478EA /* DWTabBar.m */,
				09D820232501091D004478EA /* DWTabBarButton.h */,
				09D820242501091D004478EA /* DWTabBarButton.m */,
				0971B881250B27B9004FC3A0 /* DWBadgeView.h */,
				0971B882250B27B9004FC3A0 /* DWBadgeView.m */,
			);
			path = View;
			sourceTree = "<group>";
		};
/* End PBXGroup section */

/* Begin PBXNativeTarget section */
		09D81FD62500C61C004478EA /* wechat */ = {
			isa = PBXNativeTarget;
			buildConfigurationList = 09D820062500C61E004478EA /* Build configuration list for PBXNativeTarget "wechat" */;
			buildPhases = (
				09D81FD32500C61C004478EA /* Sources */,
				09D81FD42500C61C004478EA /* Frameworks */,
				09D81FD52500C61C004478EA /* Resources */,
			);
			buildRules = (
			);
			dependencies = (
			);
			name = wechat;
			productName = wechat;
			productReference = 09D81FD72500C61C004478EA /* wechat.app */;
			productType = "com.apple.product-type.application";
		};
		09D81FF12500C61E004478EA /* wechatTests */ = {
			isa = PBXNativeTarget;
			buildConfigurationList = 09D820092500C61E004478EA /* Build configuration list for PBXNativeTarget "wechatTests" */;
			buildPhases = (
				09D81FEE2500C61E004478EA /* Sources */,
				09D81FEF2500C61E004478EA /* Frameworks */,
				09D81FF02500C61E004478EA /* Resources */,
			);
			buildRules = (
			);
			dependencies = (
				09D81FF42500C61E004478EA /* PBXTargetDependency */,
			);
			name = wechatTests;
			productName = wechatTests;
			productReference = 09D81FF22500C61E004478EA /* wechatTests.xctest */;
			productType = "com.apple.product-type.bundle.unit-test";
		};
		09D81FFC2500C61E004478EA /* wechatUITests */ = {
			isa = PBXNativeTarget;
			buildConfigurationList = 09D8200C2500C61E004478EA /* Build configuration list for PBXNativeTarget "wechatUITests" */;
			buildPhases = (
				09D81FF92500C61E004478EA /* Sources */,
				09D81FFA2500C61E004478EA /* Frameworks */,
				09D81FFB2500C61E004478EA /* Resources */,
			);
			buildRules = (
			);
			dependencies = (
				09D81FFF2500C61E004478EA /* PBXTargetDependency */,
			);
			name = wechatUITests;
			productName = wechatUITests;
			productReference = 09D81FFD2500C61E004478EA /* wechatUITests.xctest */;
			productType = "com.apple.product-type.bundle.ui-testing";
		};
/* End PBXNativeTarget section */

/* Begin PBXProject section */
		09D81FCF2500C61C004478EA /* Project object */ = {
			isa = PBXProject;
			attributes = {
				LastUpgradeCheck = 1140;
				ORGANIZATIONNAME = deerwang;
				TargetAttributes = {
					09D81FD62500C61C004478EA = {
						CreatedOnToolsVersion = 11.4;
					};
					09D81FF12500C61E004478EA = {
						CreatedOnToolsVersion = 11.4;
						TestTargetID = 09D81FD62500C61C004478EA;
					};
					09D81FFC2500C61E004478EA = {
						CreatedOnToolsVersion = 11.4;
						TestTargetID = 09D81FD62500C61C004478EA;
					};
				};
			};
			buildConfigurationList = 09D81FD22500C61C004478EA /* Build configuration list for PBXProject "wechat" */;
			compatibilityVersion = "Xcode 9.3";
			developmentRegion = en;
			hasScannedForEncodings = 0;
			knownRegions = (
				en,
				Base,
			);
			mainGroup = 09D81FCE2500C61C004478EA;
			productRefGroup = 09D81FD82500C61C004478EA /* Products */;
			projectDirPath = "";
			projectRoot = "";
			targets = (
				09D81FD62500C61C004478EA /* wechat */,
				09D81FF12500C61E004478EA /* wechatTests */,
				09D81FFC2500C61E004478EA /* wechatUITests */,
			);
		};
/* End PBXProject section */

/* Begin PBXResourcesBuildPhase section */
		09D81FD52500C61C004478EA /* Resources */ = {
			isa = PBXResourcesBuildPhase;
			buildActionMask = 2147483647;
			files = (
				09D820272502170C004478EA /* Images.xcassets in Resources */,
			);
			runOnlyForDeploymentPostprocessing = 0;
		};
		09D81FF02500C61E004478EA /* Resources */ = {
			isa = PBXResourcesBuildPhase;
			buildActionMask = 2147483647;
			files = (
			);
			runOnlyForDeploymentPostprocessing = 0;
		};
		09D81FFB2500C61E004478EA /* Resources */ = {
			isa = PBXResourcesBuildPhase;
			buildActionMask = 2147483647;
			files = (
			);
			runOnlyForDeploymentPostprocessing = 0;
		};
/* End PBXResourcesBuildPhase section */

/* Begin PBXSourcesBuildPhase section */
		09D81FD32500C61C004478EA /* Sources */ = {
			isa = PBXSourcesBuildPhase;
			buildActionMask = 2147483647;
			files = (
				09D81FE22500C61C004478EA /* ViewController.m in Sources */,
				0971B883250B27B9004FC3A0 /* DWBadgeView.m in Sources */,
				09D81FDC2500C61C004478EA /* AppDelegate.m in Sources */,
				09D820222500EF45004478EA /* DWTabBar.m in Sources */,
				09D8201C2500DBDE004478EA /* DWTabBarController.m in Sources */,
				09D81FED2500C61E004478EA /* main.m in Sources */,
				09D820252501091D004478EA /* DWTabBarButton.m in Sources */,
				09D8201F2500DC25004478EA /* DWNavigationController.m in Sources */,
			);
			runOnlyForDeploymentPostprocessing = 0;
		};
		09D81FEE2500C61E004478EA /* Sources */ = {
			isa = PBXSourcesBuildPhase;
			buildActionMask = 2147483647;
			files = (
				09D81FF72500C61E004478EA /* wechatTests.m in Sources */,
			);
			runOnlyForDeploymentPostprocessing = 0;
		};
		09D81FF92500C61E004478EA /* Sources */ = {
			isa = PBXSourcesBuildPhase;
			buildActionMask = 2147483647;
			files = (
				09D820022500C61E004478EA /* wechatUITests.m in Sources */,
			);
			runOnlyForDeploymentPostprocessing = 0;
		};
/* End PBXSourcesBuildPhase section */

/* Begin PBXTargetDependency section */
		09D81FF42500C61E004478EA /* PBXTargetDependency */ = {
			isa = PBXTargetDependency;
			target = 09D81FD62500C61C004478EA /* wechat */;
			targetProxy = 09D81FF32500C61E004478EA /* PBXContainerItemProxy */;
		};
		09D81FFF2500C61E004478EA /* PBXTargetDependency */ = {
			isa = PBXTargetDependency;
			target = 09D81FD62500C61C004478EA /* wechat */;
			targetProxy = 09D81FFE2500C61E004478EA /* PBXContainerItemProxy */;
		};
/* End PBXTargetDependency section */

/* Begin XCBuildConfiguration section */
		09D820042500C61E004478EA /* Debug */ = {
			isa = XCBuildConfiguration;
			buildSettings = {
				ALWAYS_SEARCH_USER_PATHS = NO;
				CLANG_ANALYZER_NONNULL = YES;
				CLANG_ANALYZER_NUMBER_OBJECT_CONVERSION = YES_AGGRESSIVE;
				CLANG_CXX_LANGUAGE_STANDARD = "gnu++14";
				CLANG_CXX_LIBRARY = "libc++";
				CLANG_ENABLE_MODULES = YES;
				CLANG_ENABLE_OBJC_ARC = YES;
				CLANG_ENABLE_OBJC_WEAK = YES;
				CLANG_WARN_BLOCK_CAPTURE_AUTORELEASING = YES;
				CLANG_WARN_BOOL_CONVERSION = YES;
				CLANG_WARN_COMMA = YES;
				CLANG_WARN_CONSTANT_CONVERSION = YES;
				CLANG_WARN_DEPRECATED_OBJC_IMPLEMENTATIONS = YES;
				CLANG_WARN_DIRECT_OBJC_ISA_USAGE = YES_ERROR;
				CLANG_WARN_DOCUMENTATION_COMMENTS = YES;
				CLANG_WARN_EMPTY_BODY = YES;
				CLANG_WARN_ENUM_CONVERSION = YES;
				CLANG_WARN_INFINITE_RECURSION = YES;
				CLANG_WARN_INT_CONVERSION = YES;
				CLANG_WARN_NON_LITERAL_NULL_CONVERSION = YES;
				CLANG_WARN_OBJC_IMPLICIT_RETAIN_SELF = YES;
				CLANG_WARN_OBJC_LITERAL_CONVERSION = YES;
				CLANG_WARN_OBJC_ROOT_CLASS = YES_ERROR;
				CLANG_WARN_RANGE_LOOP_ANALYSIS = YES;
				CLANG_WARN_STRICT_PROTOTYPES = YES;
				CLANG_WARN_SUSPICIOUS_MOVE = YES;
				CLANG_WARN_UNGUARDED_AVAILABILITY = YES_AGGRESSIVE;
				CLANG_WARN_UNREACHABLE_CODE = YES;
				CLANG_WARN__DUPLICATE_METHOD_MATCH = YES;
				COPY_PHASE_STRIP = NO;
				DEBUG_INFORMATION_FORMAT = dwarf;
				ENABLE_STRICT_OBJC_MSGSEND = YES;
				ENABLE_TESTABILITY = YES;
				GCC_C_LANGUAGE_STANDARD = gnu11;
				GCC_DYNAMIC_NO_PIC = NO;
				GCC_NO_COMMON_BLOCKS = YES;
				GCC_OPTIMIZATION_LEVEL = 0;
				GCC_PREPROCESSOR_DEFINITIONS = (
					"DEBUG=1",
					"$(inherited)",
				);
				GCC_WARN_64_TO_32_BIT_CONVERSION = YES;
				GCC_WARN_ABOUT_RETURN_TYPE = YES_ERROR;
				GCC_WARN_UNDECLARED_SELECTOR = YES;
				GCC_WARN_UNINITIALIZED_AUTOS = YES_AGGRESSIVE;
				GCC_WARN_UNUSED_FUNCTION = YES;
				GCC_WARN_UNUSED_VARIABLE = YES;
				IPHONEOS_DEPLOYMENT_TARGET = 13.4;
				MTL_ENABLE_DEBUG_INFO = INCLUDE_SOURCE;
				MTL_FAST_MATH = YES;
				ONLY_ACTIVE_ARCH = YES;
				SDKROOT = iphoneos;
			};
			name = Debug;
		};
		09D820052500C61E004478EA /* Release */ = {
			isa = XCBuildConfiguration;
			buildSettings = {
				ALWAYS_SEARCH_USER_PATHS = NO;
				CLANG_ANALYZER_NONNULL = YES;
				CLANG_ANALYZER_NUMBER_OBJECT_CONVERSION = YES_AGGRESSIVE;
				CLANG_CXX_LANGUAGE_STANDARD = "gnu++14";
				CLANG_CXX_LIBRARY = "libc++";
				CLANG_ENABLE_MODULES = YES;
				CLANG_ENABLE_OBJC_ARC = YES;
				CLANG_ENABLE_OBJC_WEAK = YES;
				CLANG_WARN_BLOCK_CAPTURE_AUTORELEASING = YES;
				CLANG_WARN_BOOL_CONVERSION = YES;
				CLANG_WARN_COMMA = YES;
				CLANG_WARN_CONSTANT_CONVERSION = YES;
				CLANG_WARN_DEPRECATED_OBJC_IMPLEMENTATIONS = YES;
				CLANG_WARN_DIRECT_OBJC_ISA_USAGE = YES_ERROR;
				CLANG_WARN_DOCUMENTATION_COMMENTS = YES;
				CLANG_WARN_EMPTY_BODY = YES;
				CLANG_WARN_ENUM_CONVERSION = YES;
				CLANG_WARN_INFINITE_RECURSION = YES;
				CLANG_WARN_INT_CONVERSION = YES;
				CLANG_WARN_NON_LITERAL_NULL_CONVERSION = YES;
				CLANG_WARN_OBJC_IMPLICIT_RETAIN_SELF = YES;
				CLANG_WARN_OBJC_LITERAL_CONVERSION = YES;
				CLANG_WARN_OBJC_ROOT_CLASS = YES_ERROR;
				CLANG_WARN_RANGE_LOOP_ANALYSIS = YES;
				CLANG_WARN_STRICT_PROTOTYPES = YES;
				CLANG_WARN_SUSPICIOUS_MOVE = YES;
				CLANG_WARN_UNGUARDED_AVAILABILITY = YES_AGGRESSIVE;
				CLANG_WARN_UNREACHABLE_CODE = YES;
				CLANG_WARN__DUPLICATE_METHOD_MATCH = YES;
				COPY_PHASE_STRIP = NO;
				DEBUG_INFORMATION_FORMAT = "dwarf-with-dsym";
				ENABLE_NS_ASSERTIONS = NO;
				ENABLE_STRICT_OBJC_MSGSEND = YES;
				GCC_C_LANGUAGE_STANDARD = gnu11;
				GCC_NO_COMMON_BLOCKS = YES;
				GCC_WARN_64_TO_32_BIT_CONVERSION = YES;
				GCC_WARN_ABOUT_RETURN_TYPE = YES_ERROR;
				GCC_WARN_UNDECLARED_SELECTOR = YES;
				GCC_WARN_UNINITIALIZED_AUTOS = YES_AGGRESSIVE;
				GCC_WARN_UNUSED_FUNCTION = YES;
				GCC_WARN_UNUSED_VARIABLE = YES;
				IPHONEOS_DEPLOYMENT_TARGET = 13.4;
				MTL_ENABLE_DEBUG_INFO = NO;
				MTL_FAST_MATH = YES;
				SDKROOT = iphoneos;
				VALIDATE_PRODUCT = YES;
			};
			name = Release;
		};
		09D820072500C61E004478EA /* Debug */ = {
			isa = XCBuildConfiguration;
			buildSettings = {
				ASSETCATALOG_COMPILER_APPICON_NAME = AppIcon;
				CODE_SIGN_STYLE = Automatic;
				INFOPLIST_FILE = "wechat/Supporting Files/Info.plist";
				LD_RUNPATH_SEARCH_PATHS = (
					"$(inherited)",
					"@executable_path/Frameworks",
				);
				PRODUCT_BUNDLE_IDENTIFIER = com.tencent.QQVipTests.wechat;
				PRODUCT_NAME = "$(TARGET_NAME)";
				TARGETED_DEVICE_FAMILY = "1,2";
			};
			name = Debug;
		};
		09D820082500C61E004478EA /* Release */ = {
			isa = XCBuildConfiguration;
			buildSettings = {
				ASSETCATALOG_COMPILER_APPICON_NAME = AppIcon;
				CODE_SIGN_STYLE = Automatic;
				INFOPLIST_FILE = "wechat/Supporting Files/Info.plist";
				LD_RUNPATH_SEARCH_PATHS = (
					"$(inherited)",
					"@executable_path/Frameworks",
				);
				PRODUCT_BUNDLE_IDENTIFIER = com.tencent.QQVipTests.wechat;
				PRODUCT_NAME = "$(TARGET_NAME)";
				TARGETED_DEVICE_FAMILY = "1,2";
			};
			name = Release;
		};
		09D8200A2500C61E004478EA /* Debug */ = {
			isa = XCBuildConfiguration;
			buildSettings = {
				BUNDLE_LOADER = "$(TEST_HOST)";
				CODE_SIGN_STYLE = Automatic;
				INFOPLIST_FILE = wechatTests/Info.plist;
				IPHONEOS_DEPLOYMENT_TARGET = 13.4;
				LD_RUNPATH_SEARCH_PATHS = (
					"$(inherited)",
					"@executable_path/Frameworks",
					"@loader_path/Frameworks",
				);
				PRODUCT_BUNDLE_IDENTIFIER = com.tencent.QQVipTests.wechatTests;
				PRODUCT_NAME = "$(TARGET_NAME)";
				TARGETED_DEVICE_FAMILY = "1,2";
				TEST_HOST = "$(BUILT_PRODUCTS_DIR)/wechat.app/wechat";
			};
			name = Debug;
		};
		09D8200B2500C61E004478EA /* Release */ = {
			isa = XCBuildConfiguration;
			buildSettings = {
				BUNDLE_LOADER = "$(TEST_HOST)";
				CODE_SIGN_STYLE = Automatic;
				INFOPLIST_FILE = wechatTests/Info.plist;
				IPHONEOS_DEPLOYMENT_TARGET = 13.4;
				LD_RUNPATH_SEARCH_PATHS = (
					"$(inherited)",
					"@executable_path/Frameworks",
					"@loader_path/Frameworks",
				);
				PRODUCT_BUNDLE_IDENTIFIER = com.tencent.QQVipTests.wechatTests;
				PRODUCT_NAME = "$(TARGET_NAME)";
				TARGETED_DEVICE_FAMILY = "1,2";
				TEST_HOST = "$(BUILT_PRODUCTS_DIR)/wechat.app/wechat";
			};
			name = Release;
		};
		09D8200D2500C61E004478EA /* Debug */ = {
			isa = XCBuildConfiguration;
			buildSettings = {
				CODE_SIGN_STYLE = Automatic;
				INFOPLIST_FILE = wechatUITests/Info.plist;
				LD_RUNPATH_SEARCH_PATHS = (
					"$(inherited)",
					"@executable_path/Frameworks",
					"@loader_path/Frameworks",
				);
				PRODUCT_BUNDLE_IDENTIFIER = com.tencent.QQVipTests.wechatUITests;
				PRODUCT_NAME = "$(TARGET_NAME)";
				TARGETED_DEVICE_FAMILY = "1,2";
				TEST_TARGET_NAME = wechat;
			};
			name = Debug;
		};
		09D8200E2500C61E004478EA /* Release */ = {
			isa = XCBuildConfiguration;
			buildSettings = {
				CODE_SIGN_STYLE = Automatic;
				INFOPLIST_FILE = wechatUITests/Info.plist;
				LD_RUNPATH_SEARCH_PATHS = (
					"$(inherited)",
					"@executable_path/Frameworks",
					"@loader_path/Frameworks",
				);
				PRODUCT_BUNDLE_IDENTIFIER = com.tencent.QQVipTests.wechatUITests;
				PRODUCT_NAME = "$(TARGET_NAME)";
				TARGETED_DEVICE_FAMILY = "1,2";
				TEST_TARGET_NAME = wechat;
			};
			name = Release;
		};
/* End XCBuildConfiguration section */

/* Begin XCConfigurationList section */
		09D81FD22500C61C004478EA /* Build configuration list for PBXProject "wechat" */ = {
			isa = XCConfigurationList;
			buildConfigurations = (
				09D820042500C61E004478EA /* Debug */,
				09D820052500C61E004478EA /* Release */,
			);
			defaultConfigurationIsVisible = 0;
			defaultConfigurationName = Release;
		};
		09D820062500C61E004478EA /* Build configuration list for PBXNativeTarget "wechat" */ = {
			isa = XCConfigurationList;
			buildConfigurations = (
				09D820072500C61E004478EA /* Debug */,
				09D820082500C61E004478EA /* Release */,
			);
			defaultConfigurationIsVisible = 0;
			defaultConfigurationName = Release;
		};
		09D820092500C61E004478EA /* Build configuration list for PBXNativeTarget "wechatTests" */ = {
			isa = XCConfigurationList;
			buildConfigurations = (
				09D8200A2500C61E004478EA /* Debug */,
				09D8200B2500C61E004478EA /* Release */,
			);
			defaultConfigurationIsVisible = 0;
			defaultConfigurationName = Release;
		};
		09D8200C2500C61E004478EA /* Build configuration list for PBXNativeTarget "wechatUITests" */ = {
			isa = XCConfigurationList;
			buildConfigurations = (
				09D8200D2500C61E004478EA /* Debug */,
				09D8200E2500C61E004478EA /* Release */,
			);
			defaultConfigurationIsVisible = 0;
			defaultConfigurationName = Release;
		};
/* End XCConfigurationList section */
	};
	rootObject = 09D81FCF2500C61C004478EA /* Project object */;
}
